PODS:
  - ActionPicker (0.1.0)
  - Alamofire (5.4.4)
  - AlignedCollectionViewFlowLayout (1.1.2)
  - CheckboxButton (3.1.1)
  - Closures (0.7)
  - CrystDBCipher (0.1.11):
    - SQLCipher
  - DarklyEventSource (4.1.1)
  - DKCarouselView (1.5):
    - SDWebImage/GIF (~> 4.1)
  - DropDown (2.3.13)
  - DynamicBlurView (4.1.0)
  - Eureka (5.3.4)
  - FLAnimatedImage (1.0.16)
  - GRMustache.swift (4.0.1)
  - Hex (6.1.0)
  - IQKeyboardManagerSwift (6.4.2)
  - Kingfisher (7.1.1)
  - LicensePlist (2.5.8)
  - MapboxMobileEvents (0.10.2)
  - MapLibre (5.12.0):
    - MapboxMobileEvents (= 0.10.2)
  - PopupDialog (1.1.1):
    - DynamicBlurView (~> 4.0)
  - Proximiio (5.2.10):
    - CrystDBCipher
    - DarklyEventSource
  - ProximiioMapbox (5.1.13-maplibre):
    - Alamofire
    - GRMustache.swift
    - MapLibre
    - Proximiio
    - SwiftyJSON
  - ProximiioProcessor (0.1.20):
    - Proximiio
    - SwiftyJSON
  - SDWebImage/Core (4.4.8)
  - SDWebImage/GIF (4.4.8):
    - FLAnimatedImage (~> 1.0)
    - SDWebImage/Core
  - SnapKit (5.0.1)
  - SQLCipher (4.4.3):
    - SQLCipher/standard (= 4.4.3)
  - SQLCipher/common (4.4.3)
  - SQLCipher/standard (4.4.3):
    - SQLCipher/common
  - SwiftLint (0.44.0)
  - SwiftyJSON (5.0.1)
  - TapticEngine (1.2.0)

DEPENDENCIES:
  - ActionPicker
  - Alamofire
  - AlignedCollectionViewFlowLayout (from `https://github.com/matteocrippa/AlignedCollectionViewFlowLayout.git`)
  - CheckboxButton (from `https://github.com/matteocrippa/CheckboxButton.git`)
  - Closures (~> 0.6)
  - DKCarouselView (from `https://github.com/matteocrippa/DKCarouselView.git`)
  - DropDown
  - Eureka
  - Hex (~> 6.1.0)
  - IQKeyboardManagerSwift (~> 6.4.1)
  - Kingfisher
  - LicensePlist (~> 2.5.8)
  - PopupDialog (~> 1.1)
  - ProximiioMapbox (from `https://github.com/proximiio/proximiio-mapbox-ios-pod.git`, branch `maplibre`)
  - ProximiioProcessor
  - SnapKit (~> 5.0.0)
  - SwiftLint
  - TapticEngine (from `https://github.com/matteocrippa/TapticEngine.git`)

SPEC REPOS:
  https://github.com/CocoaPods/Specs:
    - ActionPicker
    - Alamofire
    - Closures
    - CrystDBCipher
    - DarklyEventSource
    - DropDown
    - DynamicBlurView
    - Eureka
    - FLAnimatedImage
    - GRMustache.swift
    - Hex
    - IQKeyboardManagerSwift
    - Kingfisher
    - LicensePlist
    - MapboxMobileEvents
    - PopupDialog
    - Proximiio
    - ProximiioProcessor
    - SDWebImage
    - SnapKit
    - SQLCipher
    - SwiftLint
    - SwiftyJSON
  https://github.com/proximiio/proximiio-specs.git:
    - MapLibre

EXTERNAL SOURCES:
  AlignedCollectionViewFlowLayout:
    :git: https://github.com/matteocrippa/AlignedCollectionViewFlowLayout.git
  CheckboxButton:
    :git: https://github.com/matteocrippa/CheckboxButton.git
  DKCarouselView:
    :git: https://github.com/matteocrippa/DKCarouselView.git
  ProximiioMapbox:
    :branch: maplibre
    :git: https://github.com/proximiio/proximiio-mapbox-ios-pod.git
  TapticEngine:
    :git: https://github.com/matteocrippa/TapticEngine.git

CHECKOUT OPTIONS:
  AlignedCollectionViewFlowLayout:
    :commit: a124bb9e64c94ff9e80480df068c74cd9de61664
    :git: https://github.com/matteocrippa/AlignedCollectionViewFlowLayout.git
  CheckboxButton:
    :commit: 2cf02117d30e21077e0d8f5f7d4408c98c1c3772
    :git: https://github.com/matteocrippa/CheckboxButton.git
  DKCarouselView:
    :commit: c5b9d683320e55241d6358689148c573ac3e9c8b
    :git: https://github.com/matteocrippa/DKCarouselView.git
  ProximiioMapbox:
    :commit: 3d3261b92edcc34de211d07e4a7b4ac1ba499188
    :git: https://github.com/proximiio/proximiio-mapbox-ios-pod.git
  TapticEngine:
    :commit: 3c04e36ad0003c9b0ae1b50519af3c82d7013044
    :git: https://github.com/matteocrippa/TapticEngine.git

SPEC CHECKSUMS:
  ActionPicker: 7add2007a310f1ebd728f5fe14732cc6d114ddf9
  Alamofire: f3b09a368f1582ab751b3fff5460276e0d2cf5c9
  AlignedCollectionViewFlowLayout: bfbffc18e70d4f965b0e4044dea8502a38ff86b3
  CheckboxButton: 99f57944df0c2b58ba359f96e0d35f6443320cf9
  Closures: a83b9892a5b1c4125a9dfcd53e2754db5d7f6d22
  CrystDBCipher: 0b2f8e78df7a6f373c384a1671f8efd54af16974
  DarklyEventSource: 6df384dcdb211d2b6bfbbe93a3148bd25567dd61
  DKCarouselView: 6229f8974d357a679bdd2b2e8f1e00eedb117249
  DropDown: 8a2116376c1981888557f72ec2ffc9a5e0e456ec
  DynamicBlurView: 58e18fae80bb614e34681a4486870e7d257b62e8
  Eureka: 60cf058f86a8fb3ed26165ba5292b9850361b0a6
  FLAnimatedImage: 8f3e854ebf9680b71f0b6e700939687fc4d82b4b
  GRMustache.swift: a6436504284b22b4b05daf5f46f77bd3fe00a9a2
  Hex: 2f67dd0cbb178cb24992e7529b025b8d16ff0bdc
  IQKeyboardManagerSwift: 79a3ec200dfb41cb66a89b8575417b5378107c5d
  Kingfisher: f738f9c4a3415823b8e2985d10aa2d6a9f37bc4d
  LicensePlist: 3ad60988ec640a2aeae74cdd2e6d01531c03b7cd
  MapboxMobileEvents: 2bc0ca2eedb627b73cf403258dce2b2fa98074a6
  MapLibre: 48a18e037e429c010093cdae25a5bcc4aed9dacb
  PopupDialog: 720c92befd8bc23c13442254945213db5612f149
  Proximiio: 3c3e1f2a5cfd4676241b4ab2846f486f4527b385
  ProximiioMapbox: b0f118c68216e4376dfb229ba1db17be7650923f
  ProximiioProcessor: 1d03b85f4bee2524d4489389864e34f39a06cee4
  SDWebImage: 783af2c3fa36291a250030c4752ee370a9a51d13
  SnapKit: 97b92857e3df3a0c71833cce143274bf6ef8e5eb
  SQLCipher: 155ffeafc9ac102e5c9b68e3e9a1297a98a27096
  SwiftLint: e96c0a8c770c7ebbc4d36c55baf9096bb65c4584
  SwiftyJSON: 2f33a42c6fbc52764d96f13368585094bfd8aa5e
  TapticEngine: ed6f5b4a2e9aa46d4e8fa69a72a7a0b6719bf8ac

PODFILE CHECKSUM: 1caff1e764d7d48793f6db557b658fa9293e2bb7

COCOAPODS: 1.11.2
