PODS:
  - ActionPicker (0.1.0)
  - Alamofire (5.5.0)
  - AlignedCollectionViewFlowLayout (1.1.2)
  - CheckboxButton (3.1.1)
  - Closures (0.7)
  - CrystDBCipher (0.1.11):
    - SQLCipher
  - DarklyEventSource (4.1.1)
  - DKCarouselView (1.5):
    - SDWebImage/GIF (~> 4.1)
  - DropDown (2.3.13)
  - DynamicBlurView (4.1.0)
  - Eureka (5.3.4)
  - FLAnimatedImage (1.0.16)
  - GRMustache.swift (4.0.1)
  - Hex (6.1.0)
  - IQKeyboardManagerSwift (6.4.2)
  - Kingfisher (7.1.2)
  - LicensePlist (2.5.8)
  - MapboxMobileEvents (0.10.2)
  - MapLibre (5.12.1):
    - MapboxMobileEvents (= 0.10.2)
  - PopupDialog (1.1.1):
    - DynamicBlurView (~> 4.0)
  - Proximiio (5.2.17):
    - CrystDBCipher
    - DarklyEventSource
  - ProximiioMapbox (5.2.0):
    - Alamofire
    - GRMustache.swift
    - MapLibre
    - Proximiio
    - SwiftyJSON
  - ProximiioProcessor (0.2.3):
    - Proximiio
    - SwiftyJSON
  - SDWebImage/Core (4.4.8)
  - SDWebImage/GIF (4.4.8):
    - FLAnimatedImage (~> 1.0)
    - SDWebImage/Core
  - SnapKit (5.0.1)
  - SQLCipher (4.5.0):
    - SQLCipher/standard (= 4.5.0)
  - SQLCipher/common (4.5.0)
  - SQLCipher/standard (4.5.0):
    - SQLCipher/common
  - SwiftLint (0.45.1)
  - SwiftyJSON (5.0.1)
  - TapticEngine (1.2.0)

DEPENDENCIES:
  - ActionPicker
  - Alamofire
  - AlignedCollectionViewFlowLayout (from `https://github.com/matteocrippa/AlignedCollectionViewFlowLayout.git`)
  - CheckboxButton (from `https://github.com/matteocrippa/CheckboxButton.git`)
  - Closures (~> 0.6)
  - DKCarouselView (from `https://github.com/matteocrippa/DKCarouselView.git`)
  - DropDown
  - Eureka
  - Hex (~> 6.1.0)
  - IQKeyboardManagerSwift (~> 6.4.1)
  - Kingfisher
  - LicensePlist (~> 2.5.8)
  - PopupDialog (~> 1.1)
  - ProximiioMapbox (from `https://github.com/proximiio/proximiio-mapbox-ios-pod.git`, tag `5.2.0`)
  - ProximiioProcessor
  - SnapKit (~> 5.0.0)
  - SwiftLint
  - TapticEngine (from `https://github.com/matteocrippa/TapticEngine.git`)

SPEC REPOS:
  https://github.com/CocoaPods/Specs:
    - ActionPicker
    - Alamofire
    - Closures
    - CrystDBCipher
    - DarklyEventSource
    - DropDown
    - DynamicBlurView
    - Eureka
    - FLAnimatedImage
    - GRMustache.swift
    - Hex
    - IQKeyboardManagerSwift
    - Kingfisher
    - LicensePlist
    - MapboxMobileEvents
    - PopupDialog
    - Proximiio
    - ProximiioProcessor
    - SDWebImage
    - SnapKit
    - SQLCipher
    - SwiftLint
    - SwiftyJSON
  https://github.com/proximiio/proximiio-specs.git:
    - MapLibre

EXTERNAL SOURCES:
  AlignedCollectionViewFlowLayout:
    :git: https://github.com/matteocrippa/AlignedCollectionViewFlowLayout.git
  CheckboxButton:
    :git: https://github.com/matteocrippa/CheckboxButton.git
  DKCarouselView:
    :git: https://github.com/matteocrippa/DKCarouselView.git
  ProximiioMapbox:
    :git: https://github.com/proximiio/proximiio-mapbox-ios-pod.git
    :tag: 5.2.0
  TapticEngine:
    :git: https://github.com/matteocrippa/TapticEngine.git

CHECKOUT OPTIONS:
  AlignedCollectionViewFlowLayout:
    :commit: a124bb9e64c94ff9e80480df068c74cd9de61664
    :git: https://github.com/matteocrippa/AlignedCollectionViewFlowLayout.git
  CheckboxButton:
    :commit: 2cf02117d30e21077e0d8f5f7d4408c98c1c3772
    :git: https://github.com/matteocrippa/CheckboxButton.git
  DKCarouselView:
    :commit: c5b9d683320e55241d6358689148c573ac3e9c8b
    :git: https://github.com/matteocrippa/DKCarouselView.git
  ProximiioMapbox:
    :git: https://github.com/proximiio/proximiio-mapbox-ios-pod.git
    :tag: 5.2.0
  TapticEngine:
    :commit: 3c04e36ad0003c9b0ae1b50519af3c82d7013044
    :git: https://github.com/matteocrippa/TapticEngine.git

SPEC CHECKSUMS:
  ActionPicker: 7add2007a310f1ebd728f5fe14732cc6d114ddf9
  Alamofire: 1c4fb5369c3fe93d2857c780d8bbe09f06f97e7c
  AlignedCollectionViewFlowLayout: bfbffc18e70d4f965b0e4044dea8502a38ff86b3
  CheckboxButton: 99f57944df0c2b58ba359f96e0d35f6443320cf9
  Closures: a83b9892a5b1c4125a9dfcd53e2754db5d7f6d22
  CrystDBCipher: 0b2f8e78df7a6f373c384a1671f8efd54af16974
  DarklyEventSource: 6df384dcdb211d2b6bfbbe93a3148bd25567dd61
  DKCarouselView: 6229f8974d357a679bdd2b2e8f1e00eedb117249
  DropDown: 8a2116376c1981888557f72ec2ffc9a5e0e456ec
  DynamicBlurView: 58e18fae80bb614e34681a4486870e7d257b62e8
  Eureka: 60cf058f86a8fb3ed26165ba5292b9850361b0a6
  FLAnimatedImage: 8f3e854ebf9680b71f0b6e700939687fc4d82b4b
  GRMustache.swift: a6436504284b22b4b05daf5f46f77bd3fe00a9a2
  Hex: 2f67dd0cbb178cb24992e7529b025b8d16ff0bdc
  IQKeyboardManagerSwift: 79a3ec200dfb41cb66a89b8575417b5378107c5d
  Kingfisher: 44ed6a8504763f27bab46163adfac83f5deb240c
  LicensePlist: 3ad60988ec640a2aeae74cdd2e6d01531c03b7cd
  MapboxMobileEvents: 2bc0ca2eedb627b73cf403258dce2b2fa98074a6
  MapLibre: f44d4106a590d1ea6779fb6c96c048ec6a9a2767
  PopupDialog: 720c92befd8bc23c13442254945213db5612f149
  Proximiio: 932c3afdacfefc5b15b18082fc6be618ea71deba
  ProximiioMapbox: 289c877caca288e638e17cc8be5e183a7cf56ec2
  ProximiioProcessor: f93daeaf93aeabaf2ee751a2aae1118de65be053
  SDWebImage: 783af2c3fa36291a250030c4752ee370a9a51d13
  SnapKit: 97b92857e3df3a0c71833cce143274bf6ef8e5eb
  SQLCipher: 98dc22f27c0b1790d39e710d440f22a466ebdb59
  SwiftLint: 06ac37e4d38c7068e0935bb30cda95f093bec761
  SwiftyJSON: 2f33a42c6fbc52764d96f13368585094bfd8aa5e
  TapticEngine: ed6f5b4a2e9aa46d4e8fa69a72a7a0b6719bf8ac

PODFILE CHECKSUM: 8bd5566569984d8c91e3d22ec057684a2be322ff

COCOAPODS: 1.11.2
